{
  "name": "ForestBot",
  "version": "1.0.0",
  "lockfileVersion": 3,
  "requires": true,
  "packages": {
    "": {
      "dependencies": {
        "@2toad/profanity": "^3.2.0"
      }
    },
    "node_modules/@2toad/profanity": {
      "version": "3.2.0",
      "resolved": "https://registry.npmjs.org/@2toad/profanity/-/profanity-3.2.0.tgz",
      "integrity": "sha512-1wF0F9SXBS8zsn74ZyDKhClSH+5Tupycq2F1x34+/1YKhrq49ejs+imH8/YIS/JwXoj2oUY+KTpoyOxJeNA2mQ==",
      "license": "MIT",
      "engines": {
        "node": ">=12"
      }
    }
  }
}
